
Microsoft Visual Studio Solution File, Format Version 12.00
# Visual Studio 14
VisualStudioVersion = 14.0.25420.1
MinimumVisualStudioVersion = 10.0.40219.1
Project("{FAE04EC0-301F-11D3-BF4B-00C04F79EFBC}") = "iassetTechnicalTest", "iassetTechnicalTest\iassetTechnicalTest.csproj", "{EB842330-FE12-427B-BAA7-CFE6CDF42D2B}"
EndProject
Project("{FAE04EC0-301F-11D3-BF4B-00C04F79EFBC}") = "iassetTechnicalTest.Tests", "iassetTechnicalTest.Tests\iassetTechnicalTest.Tests.csproj", "{02545E8C-5455-4149-AC17-F5B45A3EF503}"
EndProject
Global
	GlobalSection(SolutionConfigurationPlatforms) = preSolution
		Debug|Any CPU = Debug|Any CPU
		Release|Any CPU = Release|Any CPU
	EndGlobalSection
	GlobalSection(ProjectConfigurationPlatforms) = postSolution
		{EB842330-FE12-427B-BAA7-CFE6CDF42D2B}.Debug|Any CPU.ActiveCfg = Debug|Any CPU
		{EB842330-FE12-427B-BAA7-CFE6CDF42D2B}.Debug|Any CPU.Build.0 = Debug|Any CPU
		{EB842330-FE12-427B-BAA7-CFE6CDF42D2B}.Release|Any CPU.ActiveCfg = Release|Any CPU
		{EB842330-FE12-427B-BAA7-CFE6CDF42D2B}.Release|Any CPU.Build.0 = Release|Any CPU
		{02545E8C-5455-4149-AC17-F5B45A3EF503}.Debug|Any CPU.ActiveCfg = Debug|Any CPU
		{02545E8C-5455-4149-AC17-F5B45A3EF503}.Debug|Any CPU.Build.0 = Debug|Any CPU
		{02545E8C-5455-4149-AC17-F5B45A3EF503}.Release|Any CPU.ActiveCfg = Release|Any CPU
		{02545E8C-5455-4149-AC17-F5B45A3EF503}.Release|Any CPU.Build.0 = Release|Any CPU
	EndGlobalSection
	GlobalSection(SolutionProperties) = preSolution
		HideSolutionNode = FALSE
	EndGlobalSection
EndGlobal
